# This file is automatically @generated by Poetry 2.1.2 and should not be changed by hand.

[[package]]
name = "cython"
version = "3.0.12"
description = "The Cython compiler for writing C extensions in the Python language."
optional = false
python-versions = "!=3.0.*,!=3.1.*,!=3.2.*,!=3.3.*,>=2.7"
groups = ["main"]
markers = "sys_platform == \"darwin\""
files = [
    {file = "Cython-3.0.12-cp310-cp310-macosx_10_9_x86_64.whl", hash = "sha256:ba67eee9413b66dd9fbacd33f0bc2e028a2a120991d77b5fd4b19d0b1e4039b9"},
    {file = "Cython-3.0.12-cp310-cp310-manylinux_2_17_x86_64.manylinux2014_x86_64.whl", hash = "sha256:bee2717e5b5f7d966d0c6e27d2efe3698c357aa4d61bb3201997c7a4f9fe485a"},
    {file = "Cython-3.0.12-cp310-cp310-manylinux_2_5_i686.manylinux1_i686.manylinux_2_17_i686.manylinux2014_i686.whl", hash = "sha256:7cffc3464f641c8d0dda942c7c53015291beea11ec4d32421bed2f13b386b819"},
    {file = "Cython-3.0.12-cp310-cp310-musllinux_1_2_aarch64.whl", hash = "sha256:d3a8f81980ffbd74e52f9186d8f1654e347d0c44bfea6b5997028977f481a179"},
    {file = "Cython-3.0.12-cp310-cp310-musllinux_1_2_x86_64.whl", hash = "sha256:8d32856716c369d01f2385ad9177cdd1a11079ac89ea0932dc4882de1aa19174"},
    {file = "Cython-3.0.12-cp310-cp310-win32.whl", hash = "sha256:712c3f31adec140dc60d064a7f84741f50e2c25a8edd7ae746d5eb4d3ef7072a"},
    {file = "Cython-3.0.12-cp310-cp310-win_amd64.whl", hash = "sha256:d6945694c5b9170cfbd5f2c0d00ef7487a2de7aba83713a64ee4ebce7fad9e05"},
    {file = "Cython-3.0.12-cp311-cp311-macosx_10_9_x86_64.whl", hash = "sha256:feb86122a823937cc06e4c029d80ff69f082ebb0b959ab52a5af6cdd271c5dc3"},
    {file = "Cython-3.0.12-cp311-cp311-manylinux_2_17_aarch64.manylinux2014_aarch64.whl", hash = "sha256:dfdbea486e702c328338314adb8e80f5f9741f06a0ae83aaec7463bc166d12e8"},
    {file = "Cython-3.0.12-cp311-cp311-manylinux_2_17_x86_64.manylinux2014_x86_64.whl", hash = "sha256:563de1728c8e48869d2380a1b76bbc1b1b1d01aba948480d68c1d05e52d20c92"},
    {file = "Cython-3.0.12-cp311-cp311-manylinux_2_5_i686.manylinux1_i686.manylinux_2_17_i686.manylinux2014_i686.whl", hash = "sha256:398d4576c1e1f6316282aa0b4a55139254fbed965cba7813e6d9900d3092b128"},
    {file = "Cython-3.0.12-cp311-cp311-musllinux_1_2_aarch64.whl", hash = "sha256:1e5eadef80143026944ea8f9904715a008f5108d1d644a89f63094cc37351e73"},
    {file = "Cython-3.0.12-cp311-cp311-musllinux_1_2_x86_64.whl", hash = "sha256:5a93cbda00a5451175b97dea5a9440a3fcee9e54b4cba7a7dbcba9a764b22aec"},
    {file = "Cython-3.0.12-cp311-cp311-win32.whl", hash = "sha256:3109e1d44425a2639e9a677b66cd7711721a5b606b65867cb2d8ef7a97e2237b"},
    {file = "Cython-3.0.12-cp311-cp311-win_amd64.whl", hash = "sha256:d4b70fc339adba1e2111b074ee6119fe9fd6072c957d8597bce9a0dd1c3c6784"},
    {file = "Cython-3.0.12-cp312-cp312-macosx_10_9_x86_64.whl", hash = "sha256:fe030d4a00afb2844f5f70896b7f2a1a0d7da09bf3aa3d884cbe5f73fff5d310"},
    {file = "Cython-3.0.12-cp312-cp312-manylinux_2_17_aarch64.manylinux2014_aarch64.whl", hash = "sha256:a7fec4f052b8fe173fe70eae75091389955b9a23d5cec3d576d21c5913b49d47"},
    {file = "Cython-3.0.12-cp312-cp312-manylinux_2_17_x86_64.manylinux2014_x86_64.whl", hash = "sha256:0faa5e39e5c8cdf6f9c3b1c3f24972826e45911e7f5b99cf99453fca5432f45e"},
    {file = "Cython-3.0.12-cp312-cp312-manylinux_2_5_i686.manylinux1_i686.manylinux_2_17_i686.manylinux2014_i686.whl", hash = "sha256:2d53de996ed340e9ab0fc85a88aaa8932f2591a2746e1ab1c06e262bd4ec4be7"},
    {file = "Cython-3.0.12-cp312-cp312-musllinux_1_2_aarch64.whl", hash = "sha256:ea3a0e19ab77266c738aa110684a753a04da4e709472cadeff487133354d6ab8"},
    {file = "Cython-3.0.12-cp312-cp312-musllinux_1_2_x86_64.whl", hash = "sha256:c151082884be468f2f405645858a857298ac7f7592729e5b54788b5c572717ba"},
    {file = "Cython-3.0.12-cp312-cp312-win32.whl", hash = "sha256:3083465749911ac3b2ce001b6bf17f404ac9dd35d8b08469d19dc7e717f5877a"},
    {file = "Cython-3.0.12-cp312-cp312-win_amd64.whl", hash = "sha256:c0b91c7ebace030dd558ea28730de8c580680b50768e5af66db2904a3716c3e3"},
    {file = "Cython-3.0.12-cp313-cp313-macosx_10_13_x86_64.whl", hash = "sha256:4ee6f1ea1bead8e6cbc4e64571505b5d8dbdb3b58e679d31f3a84160cebf1a1a"},
    {file = "Cython-3.0.12-cp313-cp313-manylinux_2_17_aarch64.manylinux2014_aarch64.whl", hash = "sha256:57aefa6d3341109e46ec1a13e3a763aaa2cbeb14e82af2485b318194be1d9170"},
    {file = "Cython-3.0.12-cp313-cp313-manylinux_2_17_x86_64.manylinux2014_x86_64.whl", hash = "sha256:879ae9023958d63c0675015369384642d0afb9c9d1f3473df9186c42f7a9d265"},
    {file = "Cython-3.0.12-cp313-cp313-manylinux_2_5_i686.manylinux1_i686.manylinux_2_17_i686.manylinux2014_i686.whl", hash = "sha256:36fcd584dae547de6f095500a380f4a0cce72b7a7e409e9ff03cb9beed6ac7a1"},
    {file = "Cython-3.0.12-cp313-cp313-musllinux_1_2_aarch64.whl", hash = "sha256:62b79dcc0de49efe9e84b9d0e2ae0a6fc9b14691a65565da727aa2e2e63c6a28"},
    {file = "Cython-3.0.12-cp313-cp313-musllinux_1_2_x86_64.whl", hash = "sha256:4aa255781b093a8401109d8f2104bbb2e52de7639d5896aefafddc85c30e0894"},
    {file = "Cython-3.0.12-cp313-cp313-win32.whl", hash = "sha256:77d48f2d4bab9fe1236eb753d18f03e8b2619af5b6f05d51df0532a92dfb38ab"},
    {file = "Cython-3.0.12-cp313-cp313-win_amd64.whl", hash = "sha256:86c304b20bd57c727c7357e90d5ba1a2b6f1c45492de2373814d7745ef2e63b4"},
    {file = "Cython-3.0.12-cp36-cp36m-macosx_10_9_x86_64.whl", hash = "sha256:ff5c0b6a65b08117d0534941d404833d516dac422eee88c6b4fd55feb409a5ed"},
    {file = "Cython-3.0.12-cp36-cp36m-manylinux_2_17_aarch64.manylinux2014_aarch64.whl", hash = "sha256:680f1d6ed4436ae94805db264d6155ed076d2835d84f20dcb31a7a3ad7f8668c"},
    {file = "Cython-3.0.12-cp36-cp36m-manylinux_2_17_x86_64.manylinux2014_x86_64.whl", hash = "sha256:ebc24609613fa06d0d896309f7164ba168f7e8d71c1e490ed2a08d23351c3f41"},
    {file = "Cython-3.0.12-cp36-cp36m-manylinux_2_5_i686.manylinux1_i686.manylinux_2_17_i686.manylinux2014_i686.whl", hash = "sha256:c1879c073e2b34924ce9b7ca64c212705dcc416af4337c45f371242b2e5f6d32"},
    {file = "Cython-3.0.12-cp36-cp36m-musllinux_1_2_aarch64.whl", hash = "sha256:bfb75123dd4ff767baa37d7036da0de2dfb6781ff256eef69b11b88b9a0691d1"},
    {file = "Cython-3.0.12-cp36-cp36m-musllinux_1_2_x86_64.whl", hash = "sha256:f39640f8df0400cde6882e23c734f15bb8196de0a008ae5dc6c8d1ec5957d7c8"},
    {file = "Cython-3.0.12-cp36-cp36m-win32.whl", hash = "sha256:8c9efe9a0895abee3cadfdad4130b30f7b5e57f6e6a51ef2a44f9fc66a913880"},
    {file = "Cython-3.0.12-cp36-cp36m-win_amd64.whl", hash = "sha256:63d840f2975e44d74512f8f34f1f7cb8121c9428e26a3f6116ff273deb5e60a2"},
    {file = "Cython-3.0.12-cp37-cp37m-macosx_10_9_x86_64.whl", hash = "sha256:75c5acd40b97cff16fadcf6901a91586cbca5dcdba81f738efaf1f4c6bc8dccb"},
    {file = "Cython-3.0.12-cp37-cp37m-manylinux_2_17_aarch64.manylinux2014_aarch64.whl", hash = "sha256:e62564457851db1c40399bd95a5346b9bb99e17a819bf583b362f418d8f3457a"},
    {file = "Cython-3.0.12-cp37-cp37m-manylinux_2_17_x86_64.manylinux2014_x86_64.whl", hash = "sha256:3ccd1228cc203b1f1b8a3d403f5a20ad1c40e5879b3fbf5851ce09d948982f2c"},
    {file = "Cython-3.0.12-cp37-cp37m-manylinux_2_5_i686.manylinux1_i686.manylinux_2_17_i686.manylinux2014_i686.whl", hash = "sha256:25529ee948f44d9a165ff960c49d4903267c20b5edf2df79b45924802e4cca6e"},
    {file = "Cython-3.0.12-cp37-cp37m-musllinux_1_2_aarch64.whl", hash = "sha256:90cf599372c5a22120609f7d3a963f17814799335d56dd0dcf8fe615980a8ae1"},
    {file = "Cython-3.0.12-cp37-cp37m-musllinux_1_2_x86_64.whl", hash = "sha256:9f8c48748a9c94ea5d59c26ab49ad0fad514d36f894985879cf3c3ca0e600bf4"},
    {file = "Cython-3.0.12-cp37-cp37m-win32.whl", hash = "sha256:3e4fa855d98bc7bd6a2049e0c7dc0dcf595e2e7f571a26e808f3efd84d2db374"},
    {file = "Cython-3.0.12-cp37-cp37m-win_amd64.whl", hash = "sha256:120681093772bf3600caddb296a65b352a0d3556e962b9b147efcfb8e8c9801b"},
    {file = "Cython-3.0.12-cp38-cp38-macosx_10_9_x86_64.whl", hash = "sha256:731d719423e041242c9303c80cae4327467299b90ffe62d4cc407e11e9ea3160"},
    {file = "Cython-3.0.12-cp38-cp38-manylinux_2_17_aarch64.manylinux2014_aarch64.whl", hash = "sha256:c3238a29f37999e27494d120983eca90d14896b2887a0bd858a381204549137a"},
    {file = "Cython-3.0.12-cp38-cp38-manylinux_2_17_x86_64.manylinux2014_x86_64.whl", hash = "sha256:b588c0a089a9f4dd316d2f9275230bad4a7271e5af04e1dc41d2707c816be44b"},
    {file = "Cython-3.0.12-cp38-cp38-manylinux_2_5_i686.manylinux1_i686.manylinux_2_17_i686.manylinux2014_i686.whl", hash = "sha256:8ab9f5198af74eb16502cc143cdde9ca1cbbf66ea2912e67440dd18a36e3b5fa"},
    {file = "Cython-3.0.12-cp38-cp38-musllinux_1_2_aarch64.whl", hash = "sha256:8ee841c0e114efa1e849c281ac9b8df8aa189af10b4a103b1c5fd71cbb799679"},
    {file = "Cython-3.0.12-cp38-cp38-musllinux_1_2_x86_64.whl", hash = "sha256:43c48b5789398b228ea97499f5b864843ba9b1ab837562a9227c6f58d16ede8b"},
    {file = "Cython-3.0.12-cp38-cp38-win32.whl", hash = "sha256:5e5f17c48a4f41557fbcc7ee660ccfebe4536a34c557f553b6893c1b3c83df2d"},
    {file = "Cython-3.0.12-cp38-cp38-win_amd64.whl", hash = "sha256:309c081057930bb79dc9ea3061a1af5086c679c968206e9c9c2ec90ab7cb471a"},
    {file = "Cython-3.0.12-cp39-cp39-macosx_10_9_x86_64.whl", hash = "sha256:54115fcc126840926ff3b53cfd2152eae17b3522ae7f74888f8a41413bd32f25"},
    {file = "Cython-3.0.12-cp39-cp39-manylinux_2_17_x86_64.manylinux2014_x86_64.whl", hash = "sha256:629db614b9c364596d7c975fa3fb3978e8c5349524353dbe11429896a783fc1e"},
    {file = "Cython-3.0.12-cp39-cp39-manylinux_2_5_i686.manylinux1_i686.manylinux_2_17_i686.manylinux2014_i686.whl", hash = "sha256:af081838b0f9e12a83ec4c3809a00a64c817f489f7c512b0e3ecaf5f90a2a816"},
    {file = "Cython-3.0.12-cp39-cp39-musllinux_1_2_aarch64.whl", hash = "sha256:34ce459808f7d8d5d4007bc5486fe50532529096b43957af6cbffcb4d9cc5c8d"},
    {file = "Cython-3.0.12-cp39-cp39-musllinux_1_2_x86_64.whl", hash = "sha256:d6c6cd6a75c8393e6805d17f7126b96a894f310a1a9ea91c47d141fb9341bfa8"},
    {file = "Cython-3.0.12-cp39-cp39-win32.whl", hash = "sha256:a4032e48d4734d2df68235d21920c715c451ac9de15fa14c71b378e8986b83be"},
    {file = "Cython-3.0.12-cp39-cp39-win_amd64.whl", hash = "sha256:dcdc3e5d4ce0e7a4af6903ed580833015641e968d18d528d8371e2435a34132c"},
    {file = "Cython-3.0.12-py2.py3-none-any.whl", hash = "sha256:0038c9bae46c459669390e53a1ec115f8096b2e4647ae007ff1bf4e6dee92806"},
    {file = "cython-3.0.12.tar.gz", hash = "sha256:b988bb297ce76c671e28c97d017b95411010f7c77fa6623dd0bb47eed1aee1bc"},
]

[[package]]
name = "panda3d"
version = "1.10.15"
description = "Panda3D is a framework for 3D rendering and game development for Python and C++ programs."
optional = false
python-versions = "*"
groups = ["main"]
files = [
    {file = "panda3d-1.10.15-cp27-cp27m-macosx_10_6_i386.whl", hash = "sha256:0312fd7d6f56d38c1181a5e56fef346df5aaa72e79b19686d9d90ebd3f33e6e8"},
    {file = "panda3d-1.10.15-cp27-cp27m-macosx_10_6_x86_64.whl", hash = "sha256:bd1571887f546798ce232e59a4b5a970d29e37c854de3108e7df2a603f6858db"},
    {file = "panda3d-1.10.15-cp27-cp27m-macosx_10_9_x86_64.whl", hash = "sha256:f7d7b3d684401b33cdb7acea53e31cddb5e699ccb1b04a8e7a165944be95c12e"},
    {file = "panda3d-1.10.15-cp27-cp27m-win32.whl", hash = "sha256:2b1ee001f6543b9ce7e4b30bd297651ff9c7c50d8b371087a6fc469891141d18"},
    {file = "panda3d-1.10.15-cp27-cp27m-win_amd64.whl", hash = "sha256:f5f47f3776798e0a0c4e7fa5ff737c7fee2f1e122674818f9cc35f2788db9f88"},
    {file = "panda3d-1.10.15-cp27-cp27mu-manylinux1_i686.whl", hash = "sha256:ef11afdfff45729217a482dcd8c289ab2fc95de49cf023571a927dd98df5b84b"},
    {file = "panda3d-1.10.15-cp27-cp27mu-manylinux1_x86_64.whl", hash = "sha256:b75bed384ed759f9f3ed04eb243277d0dc8e5b05422808f247185844f09b6b6a"},
    {file = "panda3d-1.10.15-cp310-cp310-macosx_10_9_x86_64.whl", hash = "sha256:401989dbabb3ef0842ce9bae28f706fadaf89afa5b1f7f2db49b5ff3bbd6c2e3"},
    {file = "panda3d-1.10.15-cp310-cp310-macosx_11_0_universal2.whl", hash = "sha256:b2820ea81267f3452335a7d4e53ff49d5e6ab7b3896a97f9698f1d3f6df1bcc6"},
    {file = "panda3d-1.10.15-cp310-cp310-manylinux2010_i686.whl", hash = "sha256:b9d540903c4bcc3d9a1999939fa688ad07dc1bd75ab8412b5d3ad34f64562e85"},
    {file = "panda3d-1.10.15-cp310-cp310-manylinux2010_x86_64.whl", hash = "sha256:530f400fd0a9fb9bd6e0ce0dff958e164d453b40d0cad671a97514857edee087"},
    {file = "panda3d-1.10.15-cp310-cp310-manylinux2014_aarch64.whl", hash = "sha256:2fe48f42c89422def7cd03f45bc198232a891f0ae2d19e3e284d23ae9bf48fd5"},
    {file = "panda3d-1.10.15-cp310-cp310-manylinux2014_x86_64.whl", hash = "sha256:04af43517e8b100e6909a1e7b24bcf7c121e84057561d2eb7e084753f4d0de00"},
    {file = "panda3d-1.10.15-cp310-cp310-win32.whl", hash = "sha256:ffd59fffc22e1ff39c7f49d4c55237c3f6b880960f6d049266c8e758504d6bb1"},
    {file = "panda3d-1.10.15-cp310-cp310-win_amd64.whl", hash = "sha256:8c5dbcf6857d087018f1db97bf4b4957006d43ed56e1ae38553d4840b4bec65e"},
    {file = "panda3d-1.10.15-cp311-cp311-macosx_10_9_x86_64.whl", hash = "sha256:d05a0a960637a9debb85c13a62635a8dbac6b65610ea226e316b7e4a68f12dc4"},
    {file = "panda3d-1.10.15-cp311-cp311-macosx_11_0_universal2.whl", hash = "sha256:fbcbe8dd9ae74fe151e9e6e64b297f5e754c272c5ea11925708da12773cb65de"},
    {file = "panda3d-1.10.15-cp311-cp311-manylinux2014_aarch64.whl", hash = "sha256:2e96777cb13b09a749fba8f5e7a8a2e2abba7ce04ed1f8244e39879682bb6476"},
    {file = "panda3d-1.10.15-cp311-cp311-manylinux2014_x86_64.whl", hash = "sha256:0969b3d452469d75a3b23dd451c47fa7efb806016cedd153946865798a69df70"},
    {file = "panda3d-1.10.15-cp311-cp311-win32.whl", hash = "sha256:27c78a6e2f208c324d3a92534a0917a2b3aebcba626266d4322ba8e60447d92b"},
    {file = "panda3d-1.10.15-cp311-cp311-win_amd64.whl", hash = "sha256:db071a53259fd8d3abedfc7d02030532eff02befe78515833767d3599034ba1a"},
    {file = "panda3d-1.10.15-cp312-cp312-macosx_10_9_x86_64.whl", hash = "sha256:d05bc9eb80f76f2a2925e177730dcfbf322bb44bd0f33eb9211a686ea7f6d1b4"},
    {file = "panda3d-1.10.15-cp312-cp312-macosx_11_0_universal2.whl", hash = "sha256:d90cf73d83cf583acdcf1eea7a5cd60bf4af0de7bb83b96f2fa21541c539a744"},
    {file = "panda3d-1.10.15-cp312-cp312-manylinux2014_aarch64.whl", hash = "sha256:bb9897467fa41079f3f3c2a32d085798f3e9230424b533c8715521eec397703d"},
    {file = "panda3d-1.10.15-cp312-cp312-manylinux2014_x86_64.whl", hash = "sha256:4493cba98ccd29352f1872641bf63750a546cf4dfd9c0953b356811c89573f0a"},
    {file = "panda3d-1.10.15-cp312-cp312-win32.whl", hash = "sha256:d27ef3662ebfb9a96096c85250002bc61bdf25ea4c5ad0e852151aa748778b9c"},
    {file = "panda3d-1.10.15-cp312-cp312-win_amd64.whl", hash = "sha256:74b32cbbcba689fb50ef20ce9578e48fdfedfad1fbf9f48e74db22a06b04be60"},
    {file = "panda3d-1.10.15-cp313-cp313-macosx_10_13_x86_64.whl", hash = "sha256:57eabb76ce244e802b7bce0bff8fa976a762b3a14f69cdccbc7e7ce5d33591cb"},
    {file = "panda3d-1.10.15-cp313-cp313-macosx_11_0_universal2.whl", hash = "sha256:2fe3725aa53898ad2d8aef7bad023f8d2bbdc7618867ce123d9f56a9b3be82de"},
    {file = "panda3d-1.10.15-cp313-cp313-manylinux2014_aarch64.whl", hash = "sha256:7f2959545e48c5d7e0b60102d7d09e4d8fb7c41e2256e731270efa5d201fd5d8"},
    {file = "panda3d-1.10.15-cp313-cp313-manylinux2014_x86_64.whl", hash = "sha256:202613825dce4889d01cab47ded2a64f8b9f451a6dd9aac5395dbb130ee510e3"},
    {file = "panda3d-1.10.15-cp313-cp313-win32.whl", hash = "sha256:ffac45e08b17447e1cfa2f1e7ec01e5d4c67b732479c21cba1b0751074ed2820"},
    {file = "panda3d-1.10.15-cp313-cp313-win_amd64.whl", hash = "sha256:81da0be19890802980828dde4c59f920f7e49bb9e6ec02375c899cace8074baf"},
    {file = "panda3d-1.10.15-cp313-cp313t-macosx_10_13_x86_64.whl", hash = "sha256:26d024ef60b4d169c4ae10abbb6ce0bdfd0d5732eb61cc77e257987a06bc635c"},
    {file = "panda3d-1.10.15-cp313-cp313t-macosx_11_0_universal2.whl", hash = "sha256:ca13198b78e4d62ae9d9bfbc8e0fb8ce96d5ce725fa57e9becf69d5f54335f0f"},
    {file = "panda3d-1.10.15-cp313-cp313t-manylinux2014_aarch64.whl", hash = "sha256:9ad98a3f82443d572ccbfe78ab6ac1c5405b3107e005414fb5fbd2985b81b02f"},
    {file = "panda3d-1.10.15-cp313-cp313t-manylinux2014_x86_64.whl", hash = "sha256:db8ad9ff7f48ee1d6b67716124aa8201aa49a92f95b58bb99822208bfbd32a8e"},
    {file = "panda3d-1.10.15-cp313-cp313t-win32.whl", hash = "sha256:09f4a52918faa54f53fc523f2f0be84789cbf0432cc380960d8e3e8437b48021"},
    {file = "panda3d-1.10.15-cp313-cp313t-win_amd64.whl", hash = "sha256:fa195f2b57a6dd819e81bf13728d00f3973cf4c680245c70d7b669a3317decca"},
    {file = "panda3d-1.10.15-cp34-cp34m-macosx_10_6_i386.whl", hash = "sha256:66e8057099fa36ca520c999fc5068c314ddcf7e291c4847e1e5311e24f5e2f90"},
    {file = "panda3d-1.10.15-cp34-cp34m-macosx_10_6_x86_64.whl", hash = "sha256:aed36505cd4054b598c31fde745e10be43c43b2a3b17f1b8c6c723946d84b3e0"},
    {file = "panda3d-1.10.15-cp34-cp34m-manylinux1_i686.whl", hash = "sha256:33a973266ca16f87581e4b36615ae57bc3cfd40a0f88ff7faf5f3ae6ed5c7a10"},
    {file = "panda3d-1.10.15-cp34-cp34m-manylinux1_x86_64.whl", hash = "sha256:13508ac3ebd12128bf7daf5acc44cd4bd17d830595935a3e554db74b783ff067"},
    {file = "panda3d-1.10.15-cp34-cp34m-win32.whl", hash = "sha256:e68fbcc55a7c5d7ef0a0eced673c4daf19432a1213da3abdd6c25f567250c202"},
    {file = "panda3d-1.10.15-cp34-cp34m-win_amd64.whl", hash = "sha256:122a1a8bddcf9e9f1e74540a1c3dbc125e692c0c31c2193ddc09d272493d291e"},
    {file = "panda3d-1.10.15-cp35-cp35m-macosx_10_6_i386.whl", hash = "sha256:453626fd4b9444923179cc11eead4a047ff14e065d4a99c52def2bb29a076a3f"},
    {file = "panda3d-1.10.15-cp35-cp35m-macosx_10_6_x86_64.whl", hash = "sha256:80f9430b0a37a2a002828154396ff5060d8cb3f9ca4c46e993b05403fadc327a"},
    {file = "panda3d-1.10.15-cp35-cp35m-macosx_10_9_x86_64.whl", hash = "sha256:7e0a538bb71af30fbdccb00b7456971c9fd842f89c7a09983741e00a7939302e"},
    {file = "panda3d-1.10.15-cp35-cp35m-manylinux1_i686.whl", hash = "sha256:0d671727e65d1beed9ac3b2e8cc14a380a51fc92db7ca774f92830c97256634c"},
    {file = "panda3d-1.10.15-cp35-cp35m-manylinux1_x86_64.whl", hash = "sha256:9e641978eca7bbaebf1f3770f19c136ff2ebf7ea009e890158e9337dccab7b59"},
    {file = "panda3d-1.10.15-cp35-cp35m-win32.whl", hash = "sha256:0f5c267bb7c1f3c752d5a13177b138015279df01d1154fe37b21a1e4f86737d3"},
    {file = "panda3d-1.10.15-cp35-cp35m-win_amd64.whl", hash = "sha256:942bc58053310961b49b9849693d9f6c6facfa5dd41dd7c906aefd0b87d8a9e5"},
    {file = "panda3d-1.10.15-cp36-cp36m-macosx_10_6_i386.whl", hash = "sha256:68bbfb10aca68f5363b2426fbeaa29e2dff0110189941f95dfd202144f3fb64f"},
    {file = "panda3d-1.10.15-cp36-cp36m-macosx_10_6_x86_64.whl", hash = "sha256:54c837d9b9f3a51cdefa9d7f5c94ec36b56aaa0c78166dc84e0854c11c37e503"},
    {file = "panda3d-1.10.15-cp36-cp36m-macosx_10_9_x86_64.whl", hash = "sha256:bbc3ee88ce8334792c2ced791db3f06c8c4e39b6dabab3d1d999c445e3540192"},
    {file = "panda3d-1.10.15-cp36-cp36m-manylinux1_i686.whl", hash = "sha256:4475694695da5a63f7c2c1294362fcde8da7800d20d8346bc52492487dcc52a8"},
    {file = "panda3d-1.10.15-cp36-cp36m-manylinux1_x86_64.whl", hash = "sha256:3ae7897e38f282470ef22c3dccd4a45d59f9b3b4ab5ad7271ef0f8ac6b26e3f6"},
    {file = "panda3d-1.10.15-cp36-cp36m-manylinux2014_aarch64.whl", hash = "sha256:b64de1e196652857884f813796a924bcd4ac286ee17848d774a54aae8d7df26e"},
    {file = "panda3d-1.10.15-cp36-cp36m-manylinux2014_x86_64.whl", hash = "sha256:c72bd78ec4ce17c4fd573488811c9ee08aa067fe1319d24eb470683833c924c6"},
    {file = "panda3d-1.10.15-cp36-cp36m-win32.whl", hash = "sha256:d30241801fa0667bdadd13cd0c79578558101d452ea759cc3779b7262ee926c9"},
    {file = "panda3d-1.10.15-cp36-cp36m-win_amd64.whl", hash = "sha256:f471d24b1ea611bc0d2be34df4b6ade2df7d3b2533618ffd0f9fb23be3d25cac"},
    {file = "panda3d-1.10.15-cp37-cp37m-macosx_10_6_i386.whl", hash = "sha256:37cbaad46ae260b33a29bfc353e82066faea9c63f94a84c2eb8b8667b4309972"},
    {file = "panda3d-1.10.15-cp37-cp37m-macosx_10_6_x86_64.whl", hash = "sha256:74eb77d6821690f247e1da0db99ae068069b68842e630d8e3e75f59ba1508352"},
    {file = "panda3d-1.10.15-cp37-cp37m-macosx_10_9_x86_64.whl", hash = "sha256:3469548b4efcbbbf9cfa5e740e87c7eed58535d1e28c2f543db176a7656de1d6"},
    {file = "panda3d-1.10.15-cp37-cp37m-manylinux1_i686.whl", hash = "sha256:0d1374b6cf8eb539d80d0f698978fab5eabdbe0c52aade1048248dfac3597f85"},
    {file = "panda3d-1.10.15-cp37-cp37m-manylinux1_x86_64.whl", hash = "sha256:affa630c2e00c123f7d93d575138fe1001dda4c1585b0f91bd9f170dd307b2d8"},
    {file = "panda3d-1.10.15-cp37-cp37m-manylinux2014_aarch64.whl", hash = "sha256:5c6a4b8ddb7f21b4d6f39dcf7dda50cb47fe5f97e9d3980511c747c889f8544a"},
    {file = "panda3d-1.10.15-cp37-cp37m-manylinux2014_x86_64.whl", hash = "sha256:68b9220d4e595d4f233e4e0e8bb9ba288bdb324a349d6a27ef06fd65a02991ae"},
    {file = "panda3d-1.10.15-cp37-cp37m-win32.whl", hash = "sha256:aeaba0b9666fea54f01d7e856ad7a60df40bc9b9b84a700f88072763ceaad27e"},
    {file = "panda3d-1.10.15-cp37-cp37m-win_amd64.whl", hash = "sha256:3bfe43702c494b8599b9ff7725d303b74dac1bad2c1c14b3dc23cdcc6edf5cf7"},
    {file = "panda3d-1.10.15-cp38-cp38-macosx_10_9_x86_64.whl", hash = "sha256:6ce60a39b7249ff4fa03fd704fd4934e768639dd4b754a841204de183eb25ce5"},
    {file = "panda3d-1.10.15-cp38-cp38-macosx_11_0_universal2.whl", hash = "sha256:532f1f4ea85b1fbb5af13d77bba7a99cd1d157d5de307b1b2cdcbc4e8f79c826"},
    {file = "panda3d-1.10.15-cp38-cp38-manylinux1_i686.whl", hash = "sha256:8ea4cced21fff64355162b523153b7756056232a2b8382f70801b6d6e33c8305"},
    {file = "panda3d-1.10.15-cp38-cp38-manylinux1_x86_64.whl", hash = "sha256:388702782b5888b13b0f856fbc5b28eee538435f0340c238e8757201110a4ed7"},
    {file = "panda3d-1.10.15-cp38-cp38-manylinux2014_aarch64.whl", hash = "sha256:9eda66670fd4e35ba8ced0360499f9395011ea557d5ee45b676be4fabc2ed0e4"},
    {file = "panda3d-1.10.15-cp38-cp38-manylinux2014_x86_64.whl", hash = "sha256:b7cab2fa557da65f04a465223f5b4aa2622fb21ed9db8332ba6fb02fdee9098a"},
    {file = "panda3d-1.10.15-cp38-cp38-win32.whl", hash = "sha256:7d3a097db7ceb44b232cd0207528c60cb908ba59280876fe1484c3b3798be7c2"},
    {file = "panda3d-1.10.15-cp38-cp38-win_amd64.whl", hash = "sha256:0f3fbe55fd8230554f38bce9805b0735055e489ab641274c9a6a4d592dd94404"},
    {file = "panda3d-1.10.15-cp39-cp39-macosx_10_9_x86_64.whl", hash = "sha256:ad6cc64718ec849aeb50829e85808e7c5315808262309a9370f928408a193f27"},
    {file = "panda3d-1.10.15-cp39-cp39-macosx_11_0_universal2.whl", hash = "sha256:875bc42fdf4ee6c8a797dc04d7bbbecab691aa3e38f4f0ad0262090ce51fa315"},
    {file = "panda3d-1.10.15-cp39-cp39-manylinux1_i686.whl", hash = "sha256:4732d038c9bb234353bb85fbd21c5b0b281fa0424e9dacef92513d5155760900"},
    {file = "panda3d-1.10.15-cp39-cp39-manylinux1_x86_64.whl", hash = "sha256:70d99c00f0d6cd23a33fc83d2b853e6bec3cb929310ffbb548628024efbae960"},
    {file = "panda3d-1.10.15-cp39-cp39-manylinux2014_aarch64.whl", hash = "sha256:f57b308bc2c39c1f74252f1b72a3fb5566683af248739c5bae47f32ff60014a9"},
    {file = "panda3d-1.10.15-cp39-cp39-manylinux2014_x86_64.whl", hash = "sha256:946a0e53cb5fc1e572bbb7eda2626dc71223c7721738933f202d3f0a7092affa"},
    {file = "panda3d-1.10.15-cp39-cp39-win32.whl", hash = "sha256:5185b9b0f20cbcd6efb22afd33ffa466fd7f935cb913eb479bdabbf7217a4473"},
    {file = "panda3d-1.10.15-cp39-cp39-win_amd64.whl", hash = "sha256:0e86170e57b77ab76244e2d7ff0749343956d71815af64a4863bcae702bf88b5"},
]

[[package]]
name = "panda3d-gltf"
version = "1.3.0"
description = "glTF utilities for Panda3D"
optional = false
python-versions = ">=3.8"
groups = ["main"]
files = [
    {file = "panda3d_gltf-1.3.0-py3-none-any.whl", hash = "sha256:2512500ee7e2fc13431dc47e9510efff2c29b9dd82714bd2c36165be2c82ef97"},
    {file = "panda3d_gltf-1.3.0.tar.gz", hash = "sha256:40ed155ca060f662e53c9bd5526fa91024dd308bc61ebe27218b20a5afb1d9ff"},
]

[package.dependencies]
panda3d = ">=1.10.8"
panda3d-simplepbr = ">=0.6"

[package.extras]
test = ["pylint (>=3.1.0,<3.2.0)", "pytest", "pytest-pylint"]

[[package]]
name = "panda3d-simplepbr"
version = "0.13.1"
description = "A straight-forward, easy-to-use, drop-in, PBR replacement for Panda3D's builtin auto shader"
optional = false
python-versions = ">=3.9"
groups = ["main"]
files = [
    {file = "panda3d_simplepbr-0.13.1-py3-none-any.whl", hash = "sha256:cda41cb57cff035b851646956cfbdcc408bee42511dabd4f2d7bd4fbf48c57a9"},
    {file = "panda3d_simplepbr-0.13.1.tar.gz", hash = "sha256:c83766d7c8f47499f365a07fe1dff078fc8b3054c2689bdc8dceabddfe7f1a35"},
]

[package.dependencies]
panda3d = ">=1.10.8"
typing_extensions = ">=4.7,<5.0"

[[package]]
name = "pillow"
version = "11.2.1"
description = "Python Imaging Library (Fork)"
optional = false
python-versions = ">=3.9"
groups = ["main"]
files = [
    {file = "pillow-11.2.1-cp310-cp310-macosx_10_10_x86_64.whl", hash = "sha256:d57a75d53922fc20c165016a20d9c44f73305e67c351bbc60d1adaf662e74047"},
    {file = "pillow-11.2.1-cp310-cp310-macosx_11_0_arm64.whl", hash = "sha256:127bf6ac4a5b58b3d32fc8289656f77f80567d65660bc46f72c0d77e6600cc95"},
    {file = "pillow-11.2.1-cp310-cp310-manylinux_2_17_aarch64.manylinux2014_aarch64.whl", hash = "sha256:b4ba4be812c7a40280629e55ae0b14a0aafa150dd6451297562e1764808bbe61"},
    {file = "pillow-11.2.1-cp310-cp310-manylinux_2_17_x86_64.manylinux2014_x86_64.whl", hash = "sha256:c8bd62331e5032bc396a93609982a9ab6b411c05078a52f5fe3cc59234a3abd1"},
    {file = "pillow-11.2.1-cp310-cp310-manylinux_2_28_aarch64.whl", hash = "sha256:562d11134c97a62fe3af29581f083033179f7ff435f78392565a1ad2d1c2c45c"},
    {file = "pillow-11.2.1-cp310-cp310-manylinux_2_28_x86_64.whl", hash = "sha256:c97209e85b5be259994eb5b69ff50c5d20cca0f458ef9abd835e262d9d88b39d"},
    {file = "pillow-11.2.1-cp310-cp310-musllinux_1_2_aarch64.whl", hash = "sha256:0c3e6d0f59171dfa2e25d7116217543310908dfa2770aa64b8f87605f8cacc97"},
    {file = "pillow-11.2.1-cp310-cp310-musllinux_1_2_x86_64.whl", hash = "sha256:cc1c3bc53befb6096b84165956e886b1729634a799e9d6329a0c512ab651e579"},
    {file = "pillow-11.2.1-cp310-cp310-win32.whl", hash = "sha256:312c77b7f07ab2139924d2639860e084ec2a13e72af54d4f08ac843a5fc9c79d"},
    {file = "pillow-11.2.1-cp310-cp310-win_amd64.whl", hash = "sha256:9bc7ae48b8057a611e5fe9f853baa88093b9a76303937449397899385da06fad"},
    {file = "pillow-11.2.1-cp310-cp310-win_arm64.whl", hash = "sha256:2728567e249cdd939f6cc3d1f049595c66e4187f3c34078cbc0a7d21c47482d2"},
    {file = "pillow-11.2.1-cp311-cp311-macosx_10_10_x86_64.whl", hash = "sha256:35ca289f712ccfc699508c4658a1d14652e8033e9b69839edf83cbdd0ba39e70"},
    {file = "pillow-11.2.1-cp311-cp311-macosx_11_0_arm64.whl", hash = "sha256:e0409af9f829f87a2dfb7e259f78f317a5351f2045158be321fd135973fff7bf"},
    {file = "pillow-11.2.1-cp311-cp311-manylinux_2_17_aarch64.manylinux2014_aarch64.whl", hash = "sha256:d4e5c5edee874dce4f653dbe59db7c73a600119fbea8d31f53423586ee2aafd7"},
    {file = "pillow-11.2.1-cp311-cp311-manylinux_2_17_x86_64.manylinux2014_x86_64.whl", hash = "sha256:b93a07e76d13bff9444f1a029e0af2964e654bfc2e2c2d46bfd080df5ad5f3d8"},
    {file = "pillow-11.2.1-cp311-cp311-manylinux_2_28_aarch64.whl", hash = "sha256:e6def7eed9e7fa90fde255afaf08060dc4b343bbe524a8f69bdd2a2f0018f600"},
    {file = "pillow-11.2.1-cp311-cp311-manylinux_2_28_x86_64.whl", hash = "sha256:8f4f3724c068be008c08257207210c138d5f3731af6c155a81c2b09a9eb3a788"},
    {file = "pillow-11.2.1-cp311-cp311-musllinux_1_2_aarch64.whl", hash = "sha256:a0a6709b47019dff32e678bc12c63008311b82b9327613f534e496dacaefb71e"},
    {file = "pillow-11.2.1-cp311-cp311-musllinux_1_2_x86_64.whl", hash = "sha256:f6b0c664ccb879109ee3ca702a9272d877f4fcd21e5eb63c26422fd6e415365e"},
    {file = "pillow-11.2.1-cp311-cp311-win32.whl", hash = "sha256:cc5d875d56e49f112b6def6813c4e3d3036d269c008bf8aef72cd08d20ca6df6"},
    {file = "pillow-11.2.1-cp311-cp311-win_amd64.whl", hash = "sha256:0f5c7eda47bf8e3c8a283762cab94e496ba977a420868cb819159980b6709193"},
    {file = "pillow-11.2.1-cp311-cp311-win_arm64.whl", hash = "sha256:4d375eb838755f2528ac8cbc926c3e31cc49ca4ad0cf79cff48b20e30634a4a7"},
    {file = "pillow-11.2.1-cp312-cp312-macosx_10_13_x86_64.whl", hash = "sha256:78afba22027b4accef10dbd5eed84425930ba41b3ea0a86fa8d20baaf19d807f"},
    {file = "pillow-11.2.1-cp312-cp312-macosx_11_0_arm64.whl", hash = "sha256:78092232a4ab376a35d68c4e6d5e00dfd73454bd12b230420025fbe178ee3b0b"},
    {file = "pillow-11.2.1-cp312-cp312-manylinux_2_17_aarch64.manylinux2014_aarch64.whl", hash = "sha256:25a5f306095c6780c52e6bbb6109624b95c5b18e40aab1c3041da3e9e0cd3e2d"},
    {file = "pillow-11.2.1-cp312-cp312-manylinux_2_17_x86_64.manylinux2014_x86_64.whl", hash = "sha256:0c7b29dbd4281923a2bfe562acb734cee96bbb129e96e6972d315ed9f232bef4"},
    {file = "pillow-11.2.1-cp312-cp312-manylinux_2_28_aarch64.whl", hash = "sha256:3e645b020f3209a0181a418bffe7b4a93171eef6c4ef6cc20980b30bebf17b7d"},
    {file = "pillow-11.2.1-cp312-cp312-manylinux_2_28_x86_64.whl", hash = "sha256:b2dbea1012ccb784a65349f57bbc93730b96e85b42e9bf7b01ef40443db720b4"},
    {file = "pillow-11.2.1-cp312-cp312-musllinux_1_2_aarch64.whl", hash = "sha256:da3104c57bbd72948d75f6a9389e6727d2ab6333c3617f0a89d72d4940aa0443"},
    {file = "pillow-11.2.1-cp312-cp312-musllinux_1_2_x86_64.whl", hash = "sha256:598174aef4589af795f66f9caab87ba4ff860ce08cd5bb447c6fc553ffee603c"},
    {file = "pillow-11.2.1-cp312-cp312-win32.whl", hash = "sha256:1d535df14716e7f8776b9e7fee118576d65572b4aad3ed639be9e4fa88a1cad3"},
    {file = "pillow-11.2.1-cp312-cp312-win_amd64.whl", hash = "sha256:14e33b28bf17c7a38eede290f77db7c664e4eb01f7869e37fa98a5aa95978941"},
    {file = "pillow-11.2.1-cp312-cp312-win_arm64.whl", hash = "sha256:21e1470ac9e5739ff880c211fc3af01e3ae505859392bf65458c224d0bf283eb"},
    {file = "pillow-11.2.1-cp313-cp313-macosx_10_13_x86_64.whl", hash = "sha256:fdec757fea0b793056419bca3e9932eb2b0ceec90ef4813ea4c1e072c389eb28"},
    {file = "pillow-11.2.1-cp313-cp313-macosx_11_0_arm64.whl", hash = "sha256:b0e130705d568e2f43a17bcbe74d90958e8a16263868a12c3e0d9c8162690830"},
    {file = "pillow-11.2.1-cp313-cp313-manylinux_2_17_aarch64.manylinux2014_aarch64.whl", hash = "sha256:7bdb5e09068332578214cadd9c05e3d64d99e0e87591be22a324bdbc18925be0"},
    {file = "pillow-11.2.1-cp313-cp313-manylinux_2_17_x86_64.manylinux2014_x86_64.whl", hash = "sha256:d189ba1bebfbc0c0e529159631ec72bb9e9bc041f01ec6d3233d6d82eb823bc1"},
    {file = "pillow-11.2.1-cp313-cp313-manylinux_2_28_aarch64.whl", hash = "sha256:191955c55d8a712fab8934a42bfefbf99dd0b5875078240943f913bb66d46d9f"},
    {file = "pillow-11.2.1-cp313-cp313-manylinux_2_28_x86_64.whl", hash = "sha256:ad275964d52e2243430472fc5d2c2334b4fc3ff9c16cb0a19254e25efa03a155"},
    {file = "pillow-11.2.1-cp313-cp313-musllinux_1_2_aarch64.whl", hash = "sha256:750f96efe0597382660d8b53e90dd1dd44568a8edb51cb7f9d5d918b80d4de14"},
    {file = "pillow-11.2.1-cp313-cp313-musllinux_1_2_x86_64.whl", hash = "sha256:fe15238d3798788d00716637b3d4e7bb6bde18b26e5d08335a96e88564a36b6b"},
    {file = "pillow-11.2.1-cp313-cp313-win32.whl", hash = "sha256:3fe735ced9a607fee4f481423a9c36701a39719252a9bb251679635f99d0f7d2"},
    {file = "pillow-11.2.1-cp313-cp313-win_amd64.whl", hash = "sha256:74ee3d7ecb3f3c05459ba95eed5efa28d6092d751ce9bf20e3e253a4e497e691"},
    {file = "pillow-11.2.1-cp313-cp313-win_arm64.whl", hash = "sha256:5119225c622403afb4b44bad4c1ca6c1f98eed79db8d3bc6e4e160fc6339d66c"},
    {file = "pillow-11.2.1-cp313-cp313t-macosx_10_13_x86_64.whl", hash = "sha256:8ce2e8411c7aaef53e6bb29fe98f28cd4fbd9a1d9be2eeea434331aac0536b22"},
    {file = "pillow-11.2.1-cp313-cp313t-macosx_11_0_arm64.whl", hash = "sha256:9ee66787e095127116d91dea2143db65c7bb1e232f617aa5957c0d9d2a3f23a7"},
    {file = "pillow-11.2.1-cp313-cp313t-manylinux_2_17_aarch64.manylinux2014_aarch64.whl", hash = "sha256:9622e3b6c1d8b551b6e6f21873bdcc55762b4b2126633014cea1803368a9aa16"},
    {file = "pillow-11.2.1-cp313-cp313t-manylinux_2_17_x86_64.manylinux2014_x86_64.whl", hash = "sha256:63b5dff3a68f371ea06025a1a6966c9a1e1ee452fc8020c2cd0ea41b83e9037b"},
    {file = "pillow-11.2.1-cp313-cp313t-manylinux_2_28_aarch64.whl", hash = "sha256:31df6e2d3d8fc99f993fd253e97fae451a8db2e7207acf97859732273e108406"},
    {file = "pillow-11.2.1-cp313-cp313t-manylinux_2_28_x86_64.whl", hash = "sha256:062b7a42d672c45a70fa1f8b43d1d38ff76b63421cbbe7f88146b39e8a558d91"},
    {file = "pillow-11.2.1-cp313-cp313t-musllinux_1_2_aarch64.whl", hash = "sha256:4eb92eca2711ef8be42fd3f67533765d9fd043b8c80db204f16c8ea62ee1a751"},
    {file = "pillow-11.2.1-cp313-cp313t-musllinux_1_2_x86_64.whl", hash = "sha256:f91ebf30830a48c825590aede79376cb40f110b387c17ee9bd59932c961044f9"},
    {file = "pillow-11.2.1-cp313-cp313t-win32.whl", hash = "sha256:e0b55f27f584ed623221cfe995c912c61606be8513bfa0e07d2c674b4516d9dd"},
    {file = "pillow-11.2.1-cp313-cp313t-win_amd64.whl", hash = "sha256:36d6b82164c39ce5482f649b437382c0fb2395eabc1e2b1702a6deb8ad647d6e"},
    {file = "pillow-11.2.1-cp313-cp313t-win_arm64.whl", hash = "sha256:225c832a13326e34f212d2072982bb1adb210e0cc0b153e688743018c94a2681"},
    {file = "pillow-11.2.1-cp39-cp39-macosx_10_10_x86_64.whl", hash = "sha256:7491cf8a79b8eb867d419648fff2f83cb0b3891c8b36da92cc7f1931d46108c8"},
    {file = "pillow-11.2.1-cp39-cp39-macosx_11_0_arm64.whl", hash = "sha256:8b02d8f9cb83c52578a0b4beadba92e37d83a4ef11570a8688bbf43f4ca50909"},
    {file = "pillow-11.2.1-cp39-cp39-manylinux_2_17_aarch64.manylinux2014_aarch64.whl", hash = "sha256:014ca0050c85003620526b0ac1ac53f56fc93af128f7546623cc8e31875ab928"},
    {file = "pillow-11.2.1-cp39-cp39-manylinux_2_17_x86_64.manylinux2014_x86_64.whl", hash = "sha256:3692b68c87096ac6308296d96354eddd25f98740c9d2ab54e1549d6c8aea9d79"},
    {file = "pillow-11.2.1-cp39-cp39-manylinux_2_28_aarch64.whl", hash = "sha256:f781dcb0bc9929adc77bad571b8621ecb1e4cdef86e940fe2e5b5ee24fd33b35"},
    {file = "pillow-11.2.1-cp39-cp39-manylinux_2_28_x86_64.whl", hash = "sha256:2b490402c96f907a166615e9a5afacf2519e28295f157ec3a2bb9bd57de638cb"},
    {file = "pillow-11.2.1-cp39-cp39-musllinux_1_2_aarch64.whl", hash = "sha256:dd6b20b93b3ccc9c1b597999209e4bc5cf2853f9ee66e3fc9a400a78733ffc9a"},
    {file = "pillow-11.2.1-cp39-cp39-musllinux_1_2_x86_64.whl", hash = "sha256:4b835d89c08a6c2ee7781b8dd0a30209a8012b5f09c0a665b65b0eb3560b6f36"},
    {file = "pillow-11.2.1-cp39-cp39-win32.whl", hash = "sha256:b10428b3416d4f9c61f94b494681280be7686bda15898a3a9e08eb66a6d92d67"},
    {file = "pillow-11.2.1-cp39-cp39-win_amd64.whl", hash = "sha256:6ebce70c3f486acf7591a3d73431fa504a4e18a9b97ff27f5f47b7368e4b9dd1"},
    {file = "pillow-11.2.1-cp39-cp39-win_arm64.whl", hash = "sha256:c27476257b2fdcd7872d54cfd119b3a9ce4610fb85c8e32b70b42e3680a29a1e"},
    {file = "pillow-11.2.1-pp310-pypy310_pp73-macosx_10_15_x86_64.whl", hash = "sha256:9b7b0d4fd2635f54ad82785d56bc0d94f147096493a79985d0ab57aedd563156"},
    {file = "pillow-11.2.1-pp310-pypy310_pp73-macosx_11_0_arm64.whl", hash = "sha256:aa442755e31c64037aa7c1cb186e0b369f8416c567381852c63444dd666fb772"},
    {file = "pillow-11.2.1-pp310-pypy310_pp73-manylinux_2_17_aarch64.manylinux2014_aarch64.whl", hash = "sha256:f0d3348c95b766f54b76116d53d4cb171b52992a1027e7ca50c81b43b9d9e363"},
    {file = "pillow-11.2.1-pp310-pypy310_pp73-manylinux_2_17_x86_64.manylinux2014_x86_64.whl", hash = "sha256:85d27ea4c889342f7e35f6d56e7e1cb345632ad592e8c51b693d7b7556043ce0"},
    {file = "pillow-11.2.1-pp310-pypy310_pp73-manylinux_2_28_aarch64.whl", hash = "sha256:bf2c33d6791c598142f00c9c4c7d47f6476731c31081331664eb26d6ab583e01"},
    {file = "pillow-11.2.1-pp310-pypy310_pp73-manylinux_2_28_x86_64.whl", hash = "sha256:e616e7154c37669fc1dfc14584f11e284e05d1c650e1c0f972f281c4ccc53193"},
    {file = "pillow-11.2.1-pp310-pypy310_pp73-win_amd64.whl", hash = "sha256:39ad2e0f424394e3aebc40168845fee52df1394a4673a6ee512d840d14ab3013"},
    {file = "pillow-11.2.1-pp311-pypy311_pp73-macosx_10_15_x86_64.whl", hash = "sha256:80f1df8dbe9572b4b7abdfa17eb5d78dd620b1d55d9e25f834efdbee872d3aed"},
    {file = "pillow-11.2.1-pp311-pypy311_pp73-macosx_11_0_arm64.whl", hash = "sha256:ea926cfbc3957090becbcbbb65ad177161a2ff2ad578b5a6ec9bb1e1cd78753c"},
    {file = "pillow-11.2.1-pp311-pypy311_pp73-manylinux_2_17_aarch64.manylinux2014_aarch64.whl", hash = "sha256:738db0e0941ca0376804d4de6a782c005245264edaa253ffce24e5a15cbdc7bd"},
    {file = "pillow-11.2.1-pp311-pypy311_pp73-manylinux_2_17_x86_64.manylinux2014_x86_64.whl", hash = "sha256:9db98ab6565c69082ec9b0d4e40dd9f6181dab0dd236d26f7a50b8b9bfbd5076"},
    {file = "pillow-11.2.1-pp311-pypy311_pp73-manylinux_2_28_aarch64.whl", hash = "sha256:036e53f4170e270ddb8797d4c590e6dd14d28e15c7da375c18978045f7e6c37b"},
    {file = "pillow-11.2.1-pp311-pypy311_pp73-manylinux_2_28_x86_64.whl", hash = "sha256:14f73f7c291279bd65fda51ee87affd7c1e097709f7fdd0188957a16c264601f"},
    {file = "pillow-11.2.1-pp311-pypy311_pp73-win_amd64.whl", hash = "sha256:208653868d5c9ecc2b327f9b9ef34e0e42a4cdd172c2988fd81d62d2bc9bc044"},
    {file = "pillow-11.2.1.tar.gz", hash = "sha256:a64dd61998416367b7ef979b73d3a85853ba9bec4c2925f74e588879a58716b6"},
]

[package.extras]
docs = ["furo", "olefile", "sphinx (>=8.2)", "sphinx-copybutton", "sphinx-inline-tabs", "sphinxext-opengraph"]
fpx = ["olefile"]
mic = ["olefile"]
test-arrow = ["pyarrow"]
tests = ["check-manifest", "coverage (>=7.4.2)", "defusedxml", "markdown2", "olefile", "packaging", "pyroma", "pytest", "pytest-cov", "pytest-timeout", "trove-classifiers (>=2024.10.12)"]
typing = ["typing-extensions ; python_version < \"3.10\""]
xmp = ["defusedxml"]

[[package]]
name = "pyobjc-core"
version = "11.0"
description = "Python<->ObjC Interoperability Module"
optional = false
python-versions = ">=3.8"
groups = ["main"]
markers = "sys_platform == \"darwin\""
files = [
    {file = "pyobjc_core-11.0-cp310-cp310-macosx_10_9_universal2.whl", hash = "sha256:10866b3a734d47caf48e456eea0d4815c2c9b21856157db5917b61dee06893a1"},
    {file = "pyobjc_core-11.0-cp311-cp311-macosx_10_9_universal2.whl", hash = "sha256:50675c0bb8696fe960a28466f9baf6943df2928a1fd85625d678fa2f428bd0bd"},
    {file = "pyobjc_core-11.0-cp312-cp312-macosx_10_13_universal2.whl", hash = "sha256:a03061d4955c62ddd7754224a80cdadfdf17b6b5f60df1d9169a3b1b02923f0b"},
    {file = "pyobjc_core-11.0-cp313-cp313-macosx_10_13_universal2.whl", hash = "sha256:c338c1deb7ab2e9436d4175d1127da2eeed4a1b564b3d83b9f3ae4844ba97e86"},
    {file = "pyobjc_core-11.0-cp313-cp313t-macosx_10_13_universal2.whl", hash = "sha256:b4e9dc4296110f251a4033ff3f40320b35873ea7f876bd29a1c9705bb5e08c59"},
    {file = "pyobjc_core-11.0-cp39-cp39-macosx_10_9_universal2.whl", hash = "sha256:02406ece449d0f41b31e579e47ca77ced3eb57533df955281bfcecc99da74fba"},
    {file = "pyobjc_core-11.0.tar.gz", hash = "sha256:63bced211cb8a8fb5c8ff46473603da30e51112861bd02c438fbbbc8578d9a70"},
]

[[package]]
name = "pyobjc-framework-cocoa"
version = "11.0"
description = "Wrappers for the Cocoa frameworks on macOS"
optional = false
python-versions = ">=3.9"
groups = ["main"]
markers = "sys_platform == \"darwin\""
files = [
    {file = "pyobjc_framework_Cocoa-11.0-cp310-cp310-macosx_10_9_universal2.whl", hash = "sha256:fbc65f260d617d5463c7fb9dbaaffc23c9a4fabfe3b1a50b039b61870b8daefd"},
    {file = "pyobjc_framework_Cocoa-11.0-cp311-cp311-macosx_10_9_universal2.whl", hash = "sha256:3ea7be6e6dd801b297440de02d312ba3fa7fd3c322db747ae1cb237e975f5d33"},
    {file = "pyobjc_framework_Cocoa-11.0-cp312-cp312-macosx_10_13_universal2.whl", hash = "sha256:280a577b83c68175a28b2b7138d1d2d3111f2b2b66c30e86f81a19c2b02eae71"},
    {file = "pyobjc_framework_Cocoa-11.0-cp313-cp313-macosx_10_13_universal2.whl", hash = "sha256:15b2bd977ed340074f930f1330f03d42912d5882b697d78bd06f8ebe263ef92e"},
    {file = "pyobjc_framework_Cocoa-11.0-cp313-cp313t-macosx_10_13_universal2.whl", hash = "sha256:5750001db544e67f2b66f02067d8f0da96bb2ef71732bde104f01b8628f9d7ea"},
    {file = "pyobjc_framework_Cocoa-11.0-cp39-cp39-macosx_10_9_universal2.whl", hash = "sha256:ddff25b0755d59873d186e1e07d6aaddb19d55e3ae890d69ff2d9babf8627657"},
    {file = "pyobjc_framework_cocoa-11.0.tar.gz", hash = "sha256:00346a8cb81ad7b017b32ff7bf596000f9faa905807b1bd234644ebd47f692c5"},
]

[package.dependencies]
pyobjc-core = ">=11.0"

[[package]]
name = "pyperclip"
version = "1.9.0"
description = "A cross-platform clipboard module for Python. (Only handles plain text for now.)"
optional = false
python-versions = "*"
groups = ["main"]
files = [
    {file = "pyperclip-1.9.0.tar.gz", hash = "sha256:b7de0142ddc81bfc5c7507eea19da920b92252b548b96186caf94a5e2527d310"},
]

[[package]]
name = "screeninfo"
version = "0.8.1"
description = "Fetch location and size of physical screens."
optional = false
python-versions = ">=3.6.2,<4.0.0"
groups = ["main"]
files = [
    {file = "screeninfo-0.8.1-py3-none-any.whl", hash = "sha256:e97d6b173856edcfa3bd282f81deb528188aff14b11ec3e195584e7641be733c"},
    {file = "screeninfo-0.8.1.tar.gz", hash = "sha256:9983076bcc7e34402a1a9e4d7dabf3729411fd2abb3f3b4be7eba73519cd2ed1"},
]

[package.dependencies]
Cython = {version = "*", markers = "sys_platform == \"darwin\""}
pyobjc-framework-Cocoa = {version = "*", markers = "sys_platform == \"darwin\""}

[[package]]
name = "typing-extensions"
version = "4.13.2"
description = "Backported and Experimental Type Hints for Python 3.8+"
optional = false
python-versions = ">=3.8"
groups = ["main"]
files = [
    {file = "typing_extensions-4.13.2-py3-none-any.whl", hash = "sha256:a439e7c04b49fec3e5d3e2beaa21755cadbbdc391694e28ccdd36ca4a1408f8c"},
    {file = "typing_extensions-4.13.2.tar.gz", hash = "sha256:e6c81219bd689f51865d9e372991c540bda33a0379d5573cddb9a3a23f7caaef"},
]

[[package]]
name = "ursina"
version = "7.0.0"
description = "An easy to use game engine/framework for python."
optional = false
python-versions = ">=3.10"
groups = ["main"]
files = [
    {file = "ursina-7.0.0-py3-none-any.whl", hash = "sha256:f80a8ee84c299b835075d37780fd4607bd20cf85f9dacc59376d9535b51bb7c3"},
    {file = "ursina-7.0.0.tar.gz", hash = "sha256:838970dadcd4b40d77b4d5c80ab2c99fc869d2b455de75b733b0f1f74a8874d1"},
]

[package.dependencies]
panda3d = "*"
panda3d-gltf = "*"
pillow = "*"
pyperclip = "*"
screeninfo = "*"

[metadata]
lock-version = "2.1"
python-versions = "^3.10"
content-hash = "ac9325ced804e024d39771b49c044d7ba9f319018a27d0748792876577cd7a92"
